// !$*UTF8*$!
{
	archiveVersion = 1;
	classes = {
	};
	objectVersion = 56;
	objects = {

/* Begin PBXBuildFile section */
		C9D34898295ABB3500B88524 /* PostWeiboApp.swift in Sources */ = {isa = PBXBuildFile; fileRef = C9D34897295ABB3500B88524 /* PostWeiboApp.swift */; };
		C9D3489A295ABB3500B88524 /* ContentView.swift in Sources */ = {isa = PBXBuildFile; fileRef = C9D34899295ABB3500B88524 /* ContentView.swift */; };
		C9D3489C295ABB3600B88524 /* Assets.xcassets in Resources */ = {isa = PBXBuildFile; fileRef = C9D3489B295ABB3600B88524 /* Assets.xcassets */; };
		C9D3489F295ABB3600B88524 /* Preview Assets.xcassets in Resources */ = {isa = PBXBuildFile; fileRef = C9D3489E295ABB3600B88524 /* Preview Assets.xcassets */; };
		C9D348A9295ABB3600B88524 /* PostWeiboTests.swift in Sources */ = {isa = PBXBuildFile; fileRef = C9D348A8295ABB3600B88524 /* PostWeiboTests.swift */; };
		C9D348B3295ABB3600B88524 /* PostWeiboUITests.swift in Sources */ = {isa = PBXBuildFile; fileRef = C9D348B2295ABB3600B88524 /* PostWeiboUITests.swift */; };
		C9D348B5295ABB3600B88524 /* PostWeiboUITestsLaunchTests.swift in Sources */ = {isa = PBXBuildFile; fileRef = C9D348B4295ABB3600B88524 /* PostWeiboUITestsLaunchTests.swift */; };
/* End PBXBuildFile section */

/* Begin PBXContainerItemProxy section */
		C9D348A5295ABB3600B88524 /* PBXContainerItemProxy */ = {
			isa = PBXContainerItemProxy;
			containerPortal = C9D3488C295ABB3500B88524 /* Project object */;
			proxyType = 1;
			remoteGlobalIDString = C9D34893295ABB3500B88524;
			remoteInfo = PostWeibo;
		};
		C9D348AF295ABB3600B88524 /* PBXContainerItemProxy */ = {
			isa = PBXContainerItemProxy;
			containerPortal = C9D3488C295ABB3500B88524 /* Project object */;
			proxyType = 1;
			remoteGlobalIDString = C9D34893295ABB3500B88524;
			remoteInfo = PostWeibo;
		};
/* End PBXContainerItemProxy section */

/* Begin PBXFileReference section */
		C9D34894295ABB3500B88524 /* PostWeibo.app */ = {isa = PBXFileReference; explicitFileType = wrapper.application; includeInIndex = 0; path = PostWeibo.app; sourceTree = BUILT_PRODUCTS_DIR; };
		C9D34897295ABB3500B88524 /* PostWeiboApp.swift */ = {isa = PBXFileReference; lastKnownFileType = sourcecode.swift; path = PostWeiboApp.swift; sourceTree = "<group>"; };
		C9D34899295ABB3500B88524 /* ContentView.swift */ = {isa = PBXFileReference; lastKnownFileType = sourcecode.swift; path = ContentView.swift; sourceTree = "<group>"; };
		C9D3489B295ABB3600B88524 /* Assets.xcassets */ = {isa = PBXFileReference; lastKnownFileType = folder.assetcatalog; path = Assets.xcassets; sourceTree = "<group>"; };
		C9D3489E295ABB3600B88524 /* Preview Assets.xcassets */ = {isa = PBXFileReference; lastKnownFileType = folder.assetcatalog; path = "Preview Assets.xcassets"; sourceTree = "<group>"; };
		C9D348A4295ABB3600B88524 /* PostWeiboTests.xctest */ = {isa = PBXFileReference; explicitFileType = wrapper.cfbundle; includeInIndex = 0; path = PostWeiboTests.xctest; sourceTree = BUILT_PRODUCTS_DIR; };
		C9D348A8295ABB3600B88524 /* PostWeiboTests.swift */ = {isa = PBXFileReference; lastKnownFileType = sourcecode.swift; path = PostWeiboTests.swift; sourceTree = "<group>"; };
		C9D348AE295ABB3600B88524 /* PostWeiboUITests.xctest */ = {isa = PBXFileReference; explicitFileType = wrapper.cfbundle; includeInIndex = 0; path = PostWeiboUITests.xctest; sourceTree = BUILT_PRODUCTS_DIR; };
		C9D348B2295ABB3600B88524 /* PostWeiboUITests.swift */ = {isa = PBXFileReference; lastKnownFileType = sourcecode.swift; path = PostWeiboUITests.swift; sourceTree = "<group>"; };
		C9D348B4295ABB3600B88524 /* PostWeiboUITestsLaunchTests.swift */ = {isa = PBXFileReference; lastKnownFileType = sourcecode.swift; path = PostWeiboUITestsLaunchTests.swift; sourceTree = "<group>"; };
/* End PBXFileReference section */

/* Begin PBXFrameworksBuildPhase section */
		C9D34891295ABB3500B88524 /* Frameworks */ = {
			isa = PBXFrameworksBuildPhase;
			buildActionMask = 2147483647;
			files = (
			);
			runOnlyForDeploymentPostprocessing = 0;
		};
		C9D348A1295ABB3600B88524 /* Frameworks */ = {
			isa = PBXFrameworksBuildPhase;
			buildActionMask = 2147483647;
			files = (
			);
			runOnlyForDeploymentPostprocessing = 0;
		};
		C9D348AB295ABB3600B88524 /* Frameworks */ = {
			isa = PBXFrameworksBuildPhase;
			buildActionMask = 2147483647;
			files = (
			);
			runOnlyForDeploymentPostprocessing = 0;
		};
/* End PBXFrameworksBuildPhase section */

/* Begin PBXGroup section */
		C9D3488B295ABB3500B88524 = {
			isa = PBXGroup;
			children = (
				C9D34896295ABB3500B88524 /* PostWeibo */,
				C9D348A7295ABB3600B88524 /* PostWeiboTests */,
				C9D348B1295ABB3600B88524 /* PostWeiboUITests */,
				C9D34895295ABB3500B88524 /* Products */,
			);
			sourceTree = "<group>";
		};
		C9D34895295ABB3500B88524 /* Products */ = {
			isa = PBXGroup;
			children = (
				C9D34894295ABB3500B88524 /* PostWeibo.app */,
				C9D348A4295ABB3600B88524 /* PostWeiboTests.xctest */,
				C9D348AE295ABB3600B88524 /* PostWeiboUITests.xctest */,
			);
			name = Products;
			sourceTree = "<group>";
		};
		C9D34896295ABB3500B88524 /* PostWeibo */ = {
			isa = PBXGroup;
			children = (
				C9D34897295ABB3500B88524 /* PostWeiboApp.swift */,
				C9D34899295ABB3500B88524 /* ContentView.swift */,
				C9D3489B295ABB3600B88524 /* Assets.xcassets */,
				C9D3489D295ABB3600B88524 /* Preview Content */,
			);
			path = PostWeibo;
			sourceTree = "<group>";
		};
		C9D3489D295ABB3600B88524 /* Preview Content */ = {
			isa = PBXGroup;
			children = (
				C9D3489E295ABB3600B88524 /* Preview Assets.xcassets */,
			);
			path = "Preview Content";
			sourceTree = "<group>";
		};
		C9D348A7295ABB3600B88524 /* PostWeiboTests */ = {
			isa = PBXGroup;
			children = (
				C9D348A8295ABB3600B88524 /* PostWeiboTests.swift */,
			);
			path = PostWeiboTests;
			sourceTree = "<group>";
		};
		C9D348B1295ABB3600B88524 /* PostWeiboUITests */ = {
			isa = PBXGroup;
			children = (
				C9D348B2295ABB3600B88524 /* PostWeiboUITests.swift */,
				C9D348B4295ABB3600B88524 /* PostWeiboUITestsLaunchTests.swift */,
			);
			path = PostWeiboUITests;
			sourceTree = "<group>";
		};
/* End PBXGroup section */

/* Begin PBXNativeTarget section */
		C9D34893295ABB3500B88524 /* PostWeibo */ = {
			isa = PBXNativeTarget;
			buildConfigurationList = C9D348B8295ABB3600B88524 /* Build configuration list for PBXNativeTarget "PostWeibo" */;
			buildPhases = (
				C9D34890295ABB3500B88524 /* Sources */,
				C9D34891295ABB3500B88524 /* Frameworks */,
				C9D34892295ABB3500B88524 /* Resources */,
			);
			buildRules = (
			);
			dependencies = (
			);
			name = PostWeibo;
			productName = PostWeibo;
			productReference = C9D34894295ABB3500B88524 /* PostWeibo.app */;
			productType = "com.apple.product-type.application";
		};
		C9D348A3295ABB3600B88524 /* PostWeiboTests */ = {
			isa = PBXNativeTarget;
			buildConfigurationList = C9D348BB295ABB3600B88524 /* Build configuration list for PBXNativeTarget "PostWeiboTests" */;
			buildPhases = (
				C9D348A0295ABB3600B88524 /* Sources */,
				C9D348A1295ABB3600B88524 /* Frameworks */,
				C9D348A2295ABB3600B88524 /* Resources */,
			);
			buildRules = (
			);
			dependencies = (
				C9D348A6295ABB3600B88524 /* PBXTargetDependency */,
			);
			name = PostWeiboTests;
			productName = PostWeiboTests;
			productReference = C9D348A4295ABB3600B88524 /* PostWeiboTests.xctest */;
			productType = "com.apple.product-type.bundle.unit-test";
		};
		C9D348AD295ABB3600B88524 /* PostWeiboUITests */ = {
			isa = PBXNativeTarget;
			buildConfigurationList = C9D348BE295ABB3600B88524 /* Build configuration list for PBXNativeTarget "PostWeiboUITests" */;
			buildPhases = (
				C9D348AA295ABB3600B88524 /* Sources */,
				C9D348AB295ABB3600B88524 /* Frameworks */,
				C9D348AC295ABB3600B88524 /* Resources */,
			);
			buildRules = (
			);
			dependencies = (
				C9D348B0295ABB3600B88524 /* PBXTargetDependency */,
			);
			name = PostWeiboUITests;
			productName = PostWeiboUITests;
			productReference = C9D348AE295ABB3600B88524 /* PostWeiboUITests.xctest */;
			productType = "com.apple.product-type.bundle.ui-testing";
		};
/* End PBXNativeTarget section */

/* Begin PBXProject section */
		C9D3488C295ABB3500B88524 /* Project object */ = {
			isa = PBXProject;
			attributes = {
				BuildIndependentTargetsInParallel = 1;
				LastSwiftUpdateCheck = 1420;
				LastUpgradeCheck = 1420;
				TargetAttributes = {
					C9D34893295ABB3500B88524 = {
						CreatedOnToolsVersion = 14.2;
					};
					C9D348A3295ABB3600B88524 = {
						CreatedOnToolsVersion = 14.2;
						TestTargetID = C9D34893295ABB3500B88524;
					};
					C9D348AD295ABB3600B88524 = {
						CreatedOnToolsVersion = 14.2;
						TestTargetID = C9D34893295ABB3500B88524;
					};
				};
			};
			buildConfigurationList = C9D3488F295ABB3500B88524 /* Build configuration list for PBXProject "PostWeibo" */;
			compatibilityVersion = "Xcode 14.0";
			developmentRegion = en;
			hasScannedForEncodings = 0;
			knownRegions = (
				en,
				Base,
			);
			mainGroup = C9D3488B295ABB3500B88524;
			productRefGroup = C9D34895295ABB3500B88524 /* Products */;
			projectDirPath = "";
			projectRoot = "";
			targets = (
				C9D34893295ABB3500B88524 /* PostWeibo */,
				C9D348A3295ABB3600B88524 /* PostWeiboTests */,
				C9D348AD295ABB3600B88524 /* PostWeiboUITests */,
			);
		};
/* End PBXProject section */

/* Begin PBXResourcesBuildPhase section */
		C9D34892295ABB3500B88524 /* Resources */ = {
			isa = PBXResourcesBuildPhase;
			buildActionMask = 2147483647;
			files = (
				C9D3489F295ABB3600B88524 /* Preview Assets.xcassets in Resources */,
				C9D3489C295ABB3600B88524 /* Assets.xcassets in Resources */,
			);
			runOnlyForDeploymentPostprocessing = 0;
		};
		C9D348A2295ABB3600B88524 /* Resources */ = {
			isa = PBXResourcesBuildPhase;
			buildActionMask = 2147483647;
			files = (
			);
			runOnlyForDeploymentPostprocessing = 0;
		};
		C9D348AC295ABB3600B88524 /* Resources */ = {
			isa = PBXResourcesBuildPhase;
			buildActionMask = 2147483647;
			files = (
			);
			runOnlyForDeploymentPostprocessing = 0;
		};
/* End PBXResourcesBuildPhase section */

/* Begin PBXSourcesBuildPhase section */
		C9D34890295ABB3500B88524 /* Sources */ = {
			isa = PBXSourcesBuildPhase;
			buildActionMask = 2147483647;
			files = (
				C9D3489A295ABB3500B88524 /* ContentView.swift in Sources */,
				C9D34898295ABB3500B88524 /* PostWeiboApp.swift in Sources */,
			);
			runOnlyForDeploymentPostprocessing = 0;
		};
		C9D348A0295ABB3600B88524 /* Sources */ = {
			isa = PBXSourcesBuildPhase;
			buildActionMask = 2147483647;
			files = (
				C9D348A9295ABB3600B88524 /* PostWeiboTests.swift in Sources */,
			);
			runOnlyForDeploymentPostprocessing = 0;
		};
		C9D348AA295ABB3600B88524 /* Sources */ = {
			isa = PBXSourcesBuildPhase;
			buildActionMask = 2147483647;
			files = (
				C9D348B3295ABB3600B88524 /* PostWeiboUITests.swift in Sources */,
				C9D348B5295ABB3600B88524 /* PostWeiboUITestsLaunchTests.swift in Sources */,
			);
			runOnlyForDeploymentPostprocessing = 0;
		};
/* End PBXSourcesBuildPhase section */

/* Begin PBXTargetDependency section */
		C9D348A6295ABB3600B88524 /* PBXTargetDependency */ = {
			isa = PBXTargetDependency;
			target = C9D34893295ABB3500B88524 /* PostWeibo */;
			targetProxy = C9D348A5295ABB3600B88524 /* PBXContainerItemProxy */;
		};
		C9D348B0295ABB3600B88524 /* PBXTargetDependency */ = {
			isa = PBXTargetDependency;
			target = C9D34893295ABB3500B88524 /* PostWeibo */;
			targetProxy = C9D348AF295ABB3600B88524 /* PBXContainerItemProxy */;
		};
/* End PBXTargetDependency section */

/* Begin XCBuildConfiguration section */
		C9D348B6295ABB3600B88524 /* Debug */ = {
			isa = XCBuildConfiguration;
			buildSettings = {
				ALWAYS_SEARCH_USER_PATHS = NO;
				CLANG_ANALYZER_NONNULL = YES;
				CLANG_ANALYZER_NUMBER_OBJECT_CONVERSION = YES_AGGRESSIVE;
				CLANG_CXX_LANGUAGE_STANDARD = "gnu++20";
				CLANG_ENABLE_MODULES = YES;
				CLANG_ENABLE_OBJC_ARC = YES;
				CLANG_ENABLE_OBJC_WEAK = YES;
				CLANG_WARN_BLOCK_CAPTURE_AUTORELEASING = YES;
				CLANG_WARN_BOOL_CONVERSION = YES;
				CLANG_WARN_COMMA = YES;
				CLANG_WARN_CONSTANT_CONVERSION = YES;
				CLANG_WARN_DEPRECATED_OBJC_IMPLEMENTATIONS = YES;
				CLANG_WARN_DIRECT_OBJC_ISA_USAGE = YES_ERROR;
				CLANG_WARN_DOCUMENTATION_COMMENTS = YES;
				CLANG_WARN_EMPTY_BODY = YES;
				CLANG_WARN_ENUM_CONVERSION = YES;
				CLANG_WARN_INFINITE_RECURSION = YES;
				CLANG_WARN_INT_CONVERSION = YES;
				CLANG_WARN_NON_LITERAL_NULL_CONVERSION = YES;
				CLANG_WARN_OBJC_IMPLICIT_RETAIN_SELF = YES;
				CLANG_WARN_OBJC_LITERAL_CONVERSION = YES;
				CLANG_WARN_OBJC_ROOT_CLASS = YES_ERROR;
				CLANG_WARN_QUOTED_INCLUDE_IN_FRAMEWORK_HEADER = YES;
				CLANG_WARN_RANGE_LOOP_ANALYSIS = YES;
				CLANG_WARN_STRICT_PROTOTYPES = YES;
				CLANG_WARN_SUSPICIOUS_MOVE = YES;
				CLANG_WARN_UNGUARDED_AVAILABILITY = YES_AGGRESSIVE;
				CLANG_WARN_UNREACHABLE_CODE = YES;
				CLANG_WARN__DUPLICATE_METHOD_MATCH = YES;
				COPY_PHASE_STRIP = NO;
				DEBUG_INFORMATION_FORMAT = dwarf;
				ENABLE_STRICT_OBJC_MSGSEND = YES;
				ENABLE_TESTABILITY = YES;
				GCC_C_LANGUAGE_STANDARD = gnu11;
				GCC_DYNAMIC_NO_PIC = NO;
				GCC_NO_COMMON_BLOCKS = YES;
				GCC_OPTIMIZATION_LEVEL = 0;
				GCC_PREPROCESSOR_DEFINITIONS = (
					"DEBUG=1",
					"$(inherited)",
				);
				GCC_WARN_64_TO_32_BIT_CONVERSION = YES;
				GCC_WARN_ABOUT_RETURN_TYPE = YES_ERROR;
				GCC_WARN_UNDECLARED_SELECTOR = YES;
				GCC_WARN_UNINITIALIZED_AUTOS = YES_AGGRESSIVE;
				GCC_WARN_UNUSED_FUNCTION = YES;
				GCC_WARN_UNUSED_VARIABLE = YES;
				IPHONEOS_DEPLOYMENT_TARGET = 16.2;
				MTL_ENABLE_DEBUG_INFO = INCLUDE_SOURCE;
				MTL_FAST_MATH = YES;
				ONLY_ACTIVE_ARCH = YES;
				SDKROOT = iphoneos;
				SWIFT_ACTIVE_COMPILATION_CONDITIONS = DEBUG;
				SWIFT_OPTIMIZATION_LEVEL = "-Onone";
			};
			name = Debug;
		};
		C9D348B7295ABB3600B88524 /* Release */ = {
			isa = XCBuildConfiguration;
			buildSettings = {
				ALWAYS_SEARCH_USER_PATHS = NO;
				CLANG_ANALYZER_NONNULL = YES;
				CLANG_ANALYZER_NUMBER_OBJECT_CONVERSION = YES_AGGRESSIVE;
				CLANG_CXX_LANGUAGE_STANDARD = "gnu++20";
				CLANG_ENABLE_MODULES = YES;
				CLANG_ENABLE_OBJC_ARC = YES;
				CLANG_ENABLE_OBJC_WEAK = YES;
				CLANG_WARN_BLOCK_CAPTURE_AUTORELEASING = YES;
				CLANG_WARN_BOOL_CONVERSION = YES;
				CLANG_WARN_COMMA = YES;
				CLANG_WARN_CONSTANT_CONVERSION = YES;
				CLANG_WARN_DEPRECATED_OBJC_IMPLEMENTATIONS = YES;
				CLANG_WARN_DIRECT_OBJC_ISA_USAGE = YES_ERROR;
				CLANG_WARN_DOCUMENTATION_COMMENTS = YES;
				CLANG_WARN_EMPTY_BODY = YES;
				CLANG_WARN_ENUM_CONVERSION = YES;
				CLANG_WARN_INFINITE_RECURSION = YES;
				CLANG_WARN_INT_CONVERSION = YES;
				CLANG_WARN_NON_LITERAL_NULL_CONVERSION = YES;
				CLANG_WARN_OBJC_IMPLICIT_RETAIN_SELF = YES;
				CLANG_WARN_OBJC_LITERAL_CONVERSION = YES;
				CLANG_WARN_OBJC_ROOT_CLASS = YES_ERROR;
				CLANG_WARN_QUOTED_INCLUDE_IN_FRAMEWORK_HEADER = YES;
				CLANG_WARN_RANGE_LOOP_ANALYSIS = YES;
				CLANG_WARN_STRICT_PROTOTYPES = YES;
				CLANG_WARN_SUSPICIOUS_MOVE = YES;
				CLANG_WARN_UNGUARDED_AVAILABILITY = YES_AGGRESSIVE;
				CLANG_WARN_UNREACHABLE_CODE = YES;
				CLANG_WARN__DUPLICATE_METHOD_MATCH = YES;
				COPY_PHASE_STRIP = NO;
				DEBUG_INFORMATION_FORMAT = "dwarf-with-dsym";
				ENABLE_NS_ASSERTIONS = NO;
				ENABLE_STRICT_OBJC_MSGSEND = YES;
				GCC_C_LANGUAGE_STANDARD = gnu11;
				GCC_NO_COMMON_BLOCKS = YES;
				GCC_WARN_64_TO_32_BIT_CONVERSION = YES;
				GCC_WARN_ABOUT_RETURN_TYPE = YES_ERROR;
				GCC_WARN_UNDECLARED_SELECTOR = YES;
				GCC_WARN_UNINITIALIZED_AUTOS = YES_AGGRESSIVE;
				GCC_WARN_UNUSED_FUNCTION = YES;
				GCC_WARN_UNUSED_VARIABLE = YES;
				IPHONEOS_DEPLOYMENT_TARGET = 16.2;
				MTL_ENABLE_DEBUG_INFO = NO;
				MTL_FAST_MATH = YES;
				SDKROOT = iphoneos;
				SWIFT_COMPILATION_MODE = wholemodule;
				SWIFT_OPTIMIZATION_LEVEL = "-O";
				VALIDATE_PRODUCT = YES;
			};
			name = Release;
		};
		C9D348B9295ABB3600B88524 /* Debug */ = {
			isa = XCBuildConfiguration;
			buildSettings = {
				ASSETCATALOG_COMPILER_APPICON_NAME = AppIcon;
				ASSETCATALOG_COMPILER_GLOBAL_ACCENT_COLOR_NAME = AccentColor;
				CODE_SIGN_STYLE = Automatic;
				CURRENT_PROJECT_VERSION = 1;
				DEVELOPMENT_ASSET_PATHS = "\"PostWeibo/Preview Content\"";
				DEVELOPMENT_TEAM = TK2D96DLGZ;
				ENABLE_PREVIEWS = YES;
				GENERATE_INFOPLIST_FILE = YES;
				INFOPLIST_KEY_UIApplicationSceneManifest_Generation = YES;
				INFOPLIST_KEY_UIApplicationSupportsIndirectInputEvents = YES;
				INFOPLIST_KEY_UILaunchScreen_Generation = YES;
				INFOPLIST_KEY_UISupportedInterfaceOrientations_iPad = "UIInterfaceOrientationPortrait UIInterfaceOrientationPortraitUpsideDown UIInterfaceOrientationLandscapeLeft UIInterfaceOrientationLandscapeRight";
				INFOPLIST_KEY_UISupportedInterfaceOrientations_iPhone = "UIInterfaceOrientationPortrait UIInterfaceOrientationLandscapeLeft UIInterfaceOrientationLandscapeRight";
				LD_RUNPATH_SEARCH_PATHS = (
					"$(inherited)",
					"@executable_path/Frameworks",
				);
				MARKETING_VERSION = 1.0;
				PRODUCT_BUNDLE_IDENTIFIER = com.jg.PostWeibo;
				PRODUCT_NAME = "$(TARGET_NAME)";
				SWIFT_EMIT_LOC_STRINGS = YES;
				SWIFT_VERSION = 5.0;
				TARGETED_DEVICE_FAMILY = "1,2";
			};
			name = Debug;
		};
		C9D348BA295ABB3600B88524 /* Release */ = {
			isa = XCBuildConfiguration;
			buildSettings = {
				ASSETCATALOG_COMPILER_APPICON_NAME = AppIcon;
				ASSETCATALOG_COMPILER_GLOBAL_ACCENT_COLOR_NAME = AccentColor;
				CODE_SIGN_STYLE = Automatic;
				CURRENT_PROJECT_VERSION = 1;
				DEVELOPMENT_ASSET_PATHS = "\"PostWeibo/Preview Content\"";
				DEVELOPMENT_TEAM = TK2D96DLGZ;
				ENABLE_PREVIEWS = YES;
				GENERATE_INFOPLIST_FILE = YES;
				INFOPLIST_KEY_UIApplicationSceneManifest_Generation = YES;
				INFOPLIST_KEY_UIApplicationSupportsIndirectInputEvents = YES;
				INFOPLIST_KEY_UILaunchScreen_Generation = YES;
				INFOPLIST_KEY_UISupportedInterfaceOrientations_iPad = "UIInterfaceOrientationPortrait UIInterfaceOrientationPortraitUpsideDown UIInterfaceOrientationLandscapeLeft UIInterfaceOrientationLandscapeRight";
				INFOPLIST_KEY_UISupportedInterfaceOrientations_iPhone = "UIInterfaceOrientationPortrait UIInterfaceOrientationLandscapeLeft UIInterfaceOrientationLandscapeRight";
				LD_RUNPATH_SEARCH_PATHS = (
					"$(inherited)",
					"@executable_path/Frameworks",
				);
				MARKETING_VERSION = 1.0;
				PRODUCT_BUNDLE_IDENTIFIER = com.jg.PostWeibo;
				PRODUCT_NAME = "$(TARGET_NAME)";
				SWIFT_EMIT_LOC_STRINGS = YES;
				SWIFT_VERSION = 5.0;
				TARGETED_DEVICE_FAMILY = "1,2";
			};
			name = Release;
		};
		C9D348BC295ABB3600B88524 /* Debug */ = {
			isa = XCBuildConfiguration;
			buildSettings = {
				ALWAYS_EMBED_SWIFT_STANDARD_LIBRARIES = YES;
				BUNDLE_LOADER = "$(TEST_HOST)";
				CODE_SIGN_STYLE = Automatic;
				CURRENT_PROJECT_VERSION = 1;
				DEVELOPMENT_TEAM = TK2D96DLGZ;
				GENERATE_INFOPLIST_FILE = YES;
				IPHONEOS_DEPLOYMENT_TARGET = 16.2;
				MARKETING_VERSION = 1.0;
				PRODUCT_BUNDLE_IDENTIFIER = com.jg.PostWeiboTests;
				PRODUCT_NAME = "$(TARGET_NAME)";
				SWIFT_EMIT_LOC_STRINGS = NO;
				SWIFT_VERSION = 5.0;
				TARGETED_DEVICE_FAMILY = "1,2";
				TEST_HOST = "$(BUILT_PRODUCTS_DIR)/PostWeibo.app/$(BUNDLE_EXECUTABLE_FOLDER_PATH)/PostWeibo";
			};
			name = Debug;
		};
		C9D348BD295ABB3600B88524 /* Release */ = {
			isa = XCBuildConfiguration;
			buildSettings = {
				ALWAYS_EMBED_SWIFT_STANDARD_LIBRARIES = YES;
				BUNDLE_LOADER = "$(TEST_HOST)";
				CODE_SIGN_STYLE = Automatic;
				CURRENT_PROJECT_VERSION = 1;
				DEVELOPMENT_TEAM = TK2D96DLGZ;
				GENERATE_INFOPLIST_FILE = YES;
				IPHONEOS_DEPLOYMENT_TARGET = 16.2;
				MARKETING_VERSION = 1.0;
				PRODUCT_BUNDLE_IDENTIFIER = com.jg.PostWeiboTests;
				PRODUCT_NAME = "$(TARGET_NAME)";
				SWIFT_EMIT_LOC_STRINGS = NO;
				SWIFT_VERSION = 5.0;
				TARGETED_DEVICE_FAMILY = "1,2";
				TEST_HOST = "$(BUILT_PRODUCTS_DIR)/PostWeibo.app/$(BUNDLE_EXECUTABLE_FOLDER_PATH)/PostWeibo";
			};
			name = Release;
		};
		C9D348BF295ABB3600B88524 /* Debug */ = {
			isa = XCBuildConfiguration;
			buildSettings = {
				ALWAYS_EMBED_SWIFT_STANDARD_LIBRARIES = YES;
				CODE_SIGN_STYLE = Automatic;
				CURRENT_PROJECT_VERSION = 1;
				DEVELOPMENT_TEAM = TK2D96DLGZ;
				GENERATE_INFOPLIST_FILE = YES;
				MARKETING_VERSION = 1.0;
				PRODUCT_BUNDLE_IDENTIFIER = com.jg.PostWeiboUITests;
				PRODUCT_NAME = "$(TARGET_NAME)";
				SWIFT_EMIT_LOC_STRINGS = NO;
				SWIFT_VERSION = 5.0;
				TARGETED_DEVICE_FAMILY = "1,2";
				TEST_TARGET_NAME = PostWeibo;
			};
			name = Debug;
		};
		C9D348C0295ABB3600B88524 /* Release */ = {
			isa = XCBuildConfiguration;
			buildSettings = {
				ALWAYS_EMBED_SWIFT_STANDARD_LIBRARIES = YES;
				CODE_SIGN_STYLE = Automatic;
				CURRENT_PROJECT_VERSION = 1;
				DEVELOPMENT_TEAM = TK2D96DLGZ;
				GENERATE_INFOPLIST_FILE = YES;
				MARKETING_VERSION = 1.0;
				PRODUCT_BUNDLE_IDENTIFIER = com.jg.PostWeiboUITests;
				PRODUCT_NAME = "$(TARGET_NAME)";
				SWIFT_EMIT_LOC_STRINGS = NO;
				SWIFT_VERSION = 5.0;
				TARGETED_DEVICE_FAMILY = "1,2";
				TEST_TARGET_NAME = PostWeibo;
			};
			name = Release;
		};
/* End XCBuildConfiguration section */

/* Begin XCConfigurationList section */
		C9D3488F295ABB3500B88524 /* Build configuration list for PBXProject "PostWeibo" */ = {
			isa = XCConfigurationList;
			buildConfigurations = (
				C9D348B6295ABB3600B88524 /* Debug */,
				C9D348B7295ABB3600B88524 /* Release */,
			);
			defaultConfigurationIsVisible = 0;
			defaultConfigurationName = Release;
		};
		C9D348B8295ABB3600B88524 /* Build configuration list for PBXNativeTarget "PostWeibo" */ = {
			isa = XCConfigurationList;
			buildConfigurations = (
				C9D348B9295ABB3600B88524 /* Debug */,
				C9D348BA295ABB3600B88524 /* Release */,
			);
			defaultConfigurationIsVisible = 0;
			defaultConfigurationName = Release;
		};
		C9D348BB295ABB3600B88524 /* Build configuration list for PBXNativeTarget "PostWeiboTests" */ = {
			isa = XCConfigurationList;
			buildConfigurations = (
				C9D348BC295ABB3600B88524 /* Debug */,
				C9D348BD295ABB3600B88524 /* Release */,
			);
			defaultConfigurationIsVisible = 0;
			defaultConfigurationName = Release;
		};
		C9D348BE295ABB3600B88524 /* Build configuration list for PBXNativeTarget "PostWeiboUITests" */ = {
			isa = XCConfigurationList;
			buildConfigurations = (
				C9D348BF295ABB3600B88524 /* Debug */,
				C9D348C0295ABB3600B88524 /* Release */,
			);
			defaultConfigurationIsVisible = 0;
			defaultConfigurationName = Release;
		};
/* End XCConfigurationList section */
	};
	rootObject = C9D3488C295ABB3500B88524 /* Project object */;
}
